{
	"name": "plg_system_venoboxghsvs",
	"version": "2023.11.17",
	"lockfileVersion": 3,
	"requires": true,
	"packages": {
		"": {
			"name": "plg_system_venoboxghsvs",
			"version": "2023.11.17",
			"license": "GPL-3.0",
			"dependencies": {
				"venobox": "^2.0.6"
			},
			"devDependencies": {}
		},
		"node_modules/venobox": {
			"version": "2.0.6",
			"resolved": "https://registry.npmjs.org/venobox/-/venobox-2.0.6.tgz",
			"integrity": "sha512-WO0Th/DhIGd4F6pX6UQurNrstr2Ti/J3t4w0t9j1pEOzay8qM/tnki3/QYKZN86ovSRG0jVXD7lMoWGzii9TJQ=="
		}
	}
}
