{
	"name": "plg_system_venoboxghsvs",
	"version": "2024.01.22",
	"lockfileVersion": 3,
	"requires": true,
	"packages": {
		"": {
			"name": "plg_system_venoboxghsvs",
			"version": "2024.01.22",
			"license": "GPL-3.0",
			"dependencies": {
				"venobox": "^2.0.6"
			},
			"devDependencies": {}
		},
		"node_modules/venobox": {
			"version": "2.1.5",
			"resolved": "https://registry.npmjs.org/venobox/-/venobox-2.1.5.tgz",
			"integrity": "sha512-fWJCq65JAoJoTZk6Q4APp+4Dt6A1+/5Ih6pOTVGWkP4jXmBZe/H5mw4NGzPnVDAiT334hviUeUIt/SzxEOdarg=="
		}
	}
}
